<Solution>
  <Folder Name="/src/">
    <Project Path="src/LifeQuest.Api/LifeQuest.Api.csproj" />
    <Project Path="src/LifeQuest.Application/LifeQuest.Application.csproj" />
    <Project Path="src/LifeQuest.Domain/LifeQuest.Domain.csproj" />
    <Project Path="src/LifeQuest.Infrastructure/LifeQuest.Infrastructure.csproj" />
    <Project Path="src/LifeQuest.Mobile.Core/LifeQuest.Mobile.Core.csproj" />
  </Folder>
  <Folder Name="/tests/">
    <Project Path="tests/LifeQuest.Api.IntegrationTests/LifeQuest.Api.IntegrationTests.csproj" />
    <Project Path="tests/LifeQuest.Application.Tests/LifeQuest.Application.Tests.csproj" />
    <Project Path="tests/LifeQuest.Catalog.Tests/LifeQuest.Catalog.Tests.csproj" />
    <Project Path="tests/LifeQuest.Domain.Tests/LifeQuest.Domain.Tests.csproj" />
    <Project Path="tests/LifeQuest.Mobile.Tests/LifeQuest.Mobile.Tests.csproj" />
  </Folder>
  <Folder Name="/tools/">
    <Project Path="tools/LifeQuest.Simulation/LifeQuest.Simulation.csproj" />
  </Folder>
</Solution>
